// !$*UTF8*$!
{
	archiveVersion = 1;
	classes = {
	};
	objectVersion = 56;
	objects = {

/* Begin PBXBuildFile section */
		1512D25229EEC95200D12F9C /* AppDelegate.swift in Sources */ = {isa = PBXBuildFile; fileRef = 1512D25129EEC95200D12F9C /* AppDelegate.swift */; };
		1512D25429EEC95200D12F9C /* SceneDelegate.swift in Sources */ = {isa = PBXBuildFile; fileRef = 1512D25329EEC95200D12F9C /* SceneDelegate.swift */; };
		1512D27529EED33E00D12F9C /* Assets.xcassets in Resources */ = {isa = PBXBuildFile; fileRef = 1512D27429EED33E00D12F9C /* Assets.xcassets */; };
		1512D27E29EED4B200D12F9C /* Main.storyboard in Resources */ = {isa = PBXBuildFile; fileRef = 1512D27D29EED4B100D12F9C /* Main.storyboard */; };
		1512D28029EED4C700D12F9C /* LaunchScreen.storyboard in Resources */ = {isa = PBXBuildFile; fileRef = 1512D27F29EED4C700D12F9C /* LaunchScreen.storyboard */; };
		1512D2A729EFCE1300D12F9C /* ReminderListStyle.swift in Sources */ = {isa = PBXBuildFile; fileRef = 1512D2A229EFCE1300D12F9C /* ReminderListStyle.swift */; };
		1512D2A829EFCE1300D12F9C /* Reminder.swift in Sources */ = {isa = PBXBuildFile; fileRef = 1512D2A329EFCE1300D12F9C /* Reminder.swift */; };
		1512D2A929EFCE1300D12F9C /* UIColor+Today.swift in Sources */ = {isa = PBXBuildFile; fileRef = 1512D2A429EFCE1300D12F9C /* UIColor+Today.swift */; };
		1512D2AA29EFCE1300D12F9C /* Date+Today.swift in Sources */ = {isa = PBXBuildFile; fileRef = 1512D2A529EFCE1300D12F9C /* Date+Today.swift */; };
		1512D2AB29EFCE1300D12F9C /* CAGradientLayer+ListStyle.swift in Sources */ = {isa = PBXBuildFile; fileRef = 1512D2A629EFCE1300D12F9C /* CAGradientLayer+ListStyle.swift */; };
		1512D2B229EFCE2E00D12F9C /* ReminderListViewController+DataSource.swift in Sources */ = {isa = PBXBuildFile; fileRef = 1512D2AD29EFCE2E00D12F9C /* ReminderListViewController+DataSource.swift */; };
		1512D2B329EFCE2E00D12F9C /* ReminderDoneButton.swift in Sources */ = {isa = PBXBuildFile; fileRef = 1512D2AE29EFCE2E00D12F9C /* ReminderDoneButton.swift */; };
		1512D2B429EFCE2E00D12F9C /* ReminderListViewController+Actions.swift in Sources */ = {isa = PBXBuildFile; fileRef = 1512D2AF29EFCE2E00D12F9C /* ReminderListViewController+Actions.swift */; };
		1512D2B529EFCE2E00D12F9C /* ReminderListViewController.swift in Sources */ = {isa = PBXBuildFile; fileRef = 1512D2B029EFCE2E00D12F9C /* ReminderListViewController.swift */; };
		1512D2B629EFCE2E00D12F9C /* ProgressHeaderView.swift in Sources */ = {isa = PBXBuildFile; fileRef = 1512D2B129EFCE2E00D12F9C /* ProgressHeaderView.swift */; };
		1512D2BD29EFCE5C00D12F9C /* DatePickerContentView.swift in Sources */ = {isa = PBXBuildFile; fileRef = 1512D2B829EFCE5C00D12F9C /* DatePickerContentView.swift */; };
		1512D2BE29EFCE5C00D12F9C /* UIView+PinnedSubview.swift in Sources */ = {isa = PBXBuildFile; fileRef = 1512D2B929EFCE5C00D12F9C /* UIView+PinnedSubview.swift */; };
		1512D2BF29EFCE5C00D12F9C /* TextFieldContentView.swift in Sources */ = {isa = PBXBuildFile; fileRef = 1512D2BA29EFCE5C00D12F9C /* TextFieldContentView.swift */; };
		1512D2C029EFCE5C00D12F9C /* TextViewContentView.swift in Sources */ = {isa = PBXBuildFile; fileRef = 1512D2BB29EFCE5C00D12F9C /* TextViewContentView.swift */; };
		1512D2C129EFCE5C00D12F9C /* UIContentConfiguration+Stateless.swift in Sources */ = {isa = PBXBuildFile; fileRef = 1512D2BC29EFCE5C00D12F9C /* UIContentConfiguration+Stateless.swift */; };
		1512D2C729F0C59600D12F9C /* ReminderViewController+CellConfiguration.swift in Sources */ = {isa = PBXBuildFile; fileRef = 1512D2C329F0C59600D12F9C /* ReminderViewController+CellConfiguration.swift */; };
		1512D2C829F0C59600D12F9C /* ReminderViewController.swift in Sources */ = {isa = PBXBuildFile; fileRef = 1512D2C429F0C59600D12F9C /* ReminderViewController.swift */; };
		1512D2C929F0C59600D12F9C /* ReminderViewController+Row.swift in Sources */ = {isa = PBXBuildFile; fileRef = 1512D2C529F0C59600D12F9C /* ReminderViewController+Row.swift */; };
		1512D2CA29F0C59600D12F9C /* ReminderViewController+Section.swift in Sources */ = {isa = PBXBuildFile; fileRef = 1512D2C629F0C59600D12F9C /* ReminderViewController+Section.swift */; };
		1512D2CC29F0C5DD00D12F9C /* TodayError.swift in Sources */ = {isa = PBXBuildFile; fileRef = 1512D2CB29F0C5DD00D12F9C /* TodayError.swift */; };
		1512D2CE29F0C67100D12F9C /* EKEventStore+AsyncFetch.swift in Sources */ = {isa = PBXBuildFile; fileRef = 1512D2CD29F0C67100D12F9C /* EKEventStore+AsyncFetch.swift */; };
		1512D2D029F0C7BA00D12F9C /* Reminder+EKReminder.swift in Sources */ = {isa = PBXBuildFile; fileRef = 1512D2CF29F0C7BA00D12F9C /* Reminder+EKReminder.swift */; };
		1512D2D229F0C85B00D12F9C /* ReminderStore.swift in Sources */ = {isa = PBXBuildFile; fileRef = 1512D2D129F0C85B00D12F9C /* ReminderStore.swift */; };
		1512D2D429F0DA0400D12F9C /* EKReminder+Reminder.swift in Sources */ = {isa = PBXBuildFile; fileRef = 1512D2D329F0DA0400D12F9C /* EKReminder+Reminder.swift */; };
/* End PBXBuildFile section */

/* Begin PBXFileReference section */
		1512D24E29EEC95200D12F9C /* Today.app */ = {isa = PBXFileReference; explicitFileType = wrapper.application; includeInIndex = 0; path = Today.app; sourceTree = BUILT_PRODUCTS_DIR; };
		1512D25129EEC95200D12F9C /* AppDelegate.swift */ = {isa = PBXFileReference; lastKnownFileType = sourcecode.swift; path = AppDelegate.swift; sourceTree = "<group>"; };
		1512D25329EEC95200D12F9C /* SceneDelegate.swift */ = {isa = PBXFileReference; lastKnownFileType = sourcecode.swift; path = SceneDelegate.swift; sourceTree = "<group>"; };
		1512D25F29EEC95400D12F9C /* Info.plist */ = {isa = PBXFileReference; lastKnownFileType = text.plist.xml; path = Info.plist; sourceTree = "<group>"; };
		1512D27429EED33E00D12F9C /* Assets.xcassets */ = {isa = PBXFileReference; lastKnownFileType = folder.assetcatalog; path = Assets.xcassets; sourceTree = "<group>"; };
		1512D27D29EED4B100D12F9C /* Main.storyboard */ = {isa = PBXFileReference; fileEncoding = 4; lastKnownFileType = file.storyboard; path = Main.storyboard; sourceTree = "<group>"; };
		1512D27F29EED4C700D12F9C /* LaunchScreen.storyboard */ = {isa = PBXFileReference; fileEncoding = 4; lastKnownFileType = file.storyboard; path = LaunchScreen.storyboard; sourceTree = "<group>"; };
		1512D2A229EFCE1300D12F9C /* ReminderListStyle.swift */ = {isa = PBXFileReference; fileEncoding = 4; lastKnownFileType = sourcecode.swift; path = ReminderListStyle.swift; sourceTree = "<group>"; };
		1512D2A329EFCE1300D12F9C /* Reminder.swift */ = {isa = PBXFileReference; fileEncoding = 4; lastKnownFileType = sourcecode.swift; path = Reminder.swift; sourceTree = "<group>"; };
		1512D2A429EFCE1300D12F9C /* UIColor+Today.swift */ = {isa = PBXFileReference; fileEncoding = 4; lastKnownFileType = sourcecode.swift; path = "UIColor+Today.swift"; sourceTree = "<group>"; };
		1512D2A529EFCE1300D12F9C /* Date+Today.swift */ = {isa = PBXFileReference; fileEncoding = 4; lastKnownFileType = sourcecode.swift; path = "Date+Today.swift"; sourceTree = "<group>"; };
		1512D2A629EFCE1300D12F9C /* CAGradientLayer+ListStyle.swift */ = {isa = PBXFileReference; fileEncoding = 4; lastKnownFileType = sourcecode.swift; path = "CAGradientLayer+ListStyle.swift"; sourceTree = "<group>"; };
		1512D2AD29EFCE2E00D12F9C /* ReminderListViewController+DataSource.swift */ = {isa = PBXFileReference; fileEncoding = 4; lastKnownFileType = sourcecode.swift; path = "ReminderListViewController+DataSource.swift"; sourceTree = "<group>"; };
		1512D2AE29EFCE2E00D12F9C /* ReminderDoneButton.swift */ = {isa = PBXFileReference; fileEncoding = 4; lastKnownFileType = sourcecode.swift; path = ReminderDoneButton.swift; sourceTree = "<group>"; };
		1512D2AF29EFCE2E00D12F9C /* ReminderListViewController+Actions.swift */ = {isa = PBXFileReference; fileEncoding = 4; lastKnownFileType = sourcecode.swift; path = "ReminderListViewController+Actions.swift"; sourceTree = "<group>"; };
		1512D2B029EFCE2E00D12F9C /* ReminderListViewController.swift */ = {isa = PBXFileReference; fileEncoding = 4; lastKnownFileType = sourcecode.swift; path = ReminderListViewController.swift; sourceTree = "<group>"; };
		1512D2B129EFCE2E00D12F9C /* ProgressHeaderView.swift */ = {isa = PBXFileReference; fileEncoding = 4; lastKnownFileType = sourcecode.swift; path = ProgressHeaderView.swift; sourceTree = "<group>"; };
		1512D2B829EFCE5C00D12F9C /* DatePickerContentView.swift */ = {isa = PBXFileReference; fileEncoding = 4; lastKnownFileType = sourcecode.swift; path = DatePickerContentView.swift; sourceTree = "<group>"; };
		1512D2B929EFCE5C00D12F9C /* UIView+PinnedSubview.swift */ = {isa = PBXFileReference; fileEncoding = 4; lastKnownFileType = sourcecode.swift; path = "UIView+PinnedSubview.swift"; sourceTree = "<group>"; };
		1512D2BA29EFCE5C00D12F9C /* TextFieldContentView.swift */ = {isa = PBXFileReference; fileEncoding = 4; lastKnownFileType = sourcecode.swift; path = TextFieldContentView.swift; sourceTree = "<group>"; };
		1512D2BB29EFCE5C00D12F9C /* TextViewContentView.swift */ = {isa = PBXFileReference; fileEncoding = 4; lastKnownFileType = sourcecode.swift; path = TextViewContentView.swift; sourceTree = "<group>"; };
		1512D2BC29EFCE5C00D12F9C /* UIContentConfiguration+Stateless.swift */ = {isa = PBXFileReference; fileEncoding = 4; lastKnownFileType = sourcecode.swift; path = "UIContentConfiguration+Stateless.swift"; sourceTree = "<group>"; };
		1512D2C329F0C59600D12F9C /* ReminderViewController+CellConfiguration.swift */ = {isa = PBXFileReference; fileEncoding = 4; lastKnownFileType = sourcecode.swift; path = "ReminderViewController+CellConfiguration.swift"; sourceTree = "<group>"; };
		1512D2C429F0C59600D12F9C /* ReminderViewController.swift */ = {isa = PBXFileReference; fileEncoding = 4; lastKnownFileType = sourcecode.swift; path = ReminderViewController.swift; sourceTree = "<group>"; };
		1512D2C529F0C59600D12F9C /* ReminderViewController+Row.swift */ = {isa = PBXFileReference; fileEncoding = 4; lastKnownFileType = sourcecode.swift; path = "ReminderViewController+Row.swift"; sourceTree = "<group>"; };
		1512D2C629F0C59600D12F9C /* ReminderViewController+Section.swift */ = {isa = PBXFileReference; fileEncoding = 4; lastKnownFileType = sourcecode.swift; path = "ReminderViewController+Section.swift"; sourceTree = "<group>"; };
		1512D2CB29F0C5DD00D12F9C /* TodayError.swift */ = {isa = PBXFileReference; lastKnownFileType = sourcecode.swift; path = TodayError.swift; sourceTree = "<group>"; };
		1512D2CD29F0C67100D12F9C /* EKEventStore+AsyncFetch.swift */ = {isa = PBXFileReference; lastKnownFileType = sourcecode.swift; path = "EKEventStore+AsyncFetch.swift"; sourceTree = "<group>"; };
		1512D2CF29F0C7BA00D12F9C /* Reminder+EKReminder.swift */ = {isa = PBXFileReference; lastKnownFileType = sourcecode.swift; path = "Reminder+EKReminder.swift"; sourceTree = "<group>"; };
		1512D2D129F0C85B00D12F9C /* ReminderStore.swift */ = {isa = PBXFileReference; lastKnownFileType = sourcecode.swift; path = ReminderStore.swift; sourceTree = "<group>"; };
		1512D2D329F0DA0400D12F9C /* EKReminder+Reminder.swift */ = {isa = PBXFileReference; lastKnownFileType = sourcecode.swift; path = "EKReminder+Reminder.swift"; sourceTree = "<group>"; };
/* End PBXFileReference section */

/* Begin PBXFrameworksBuildPhase section */
		1512D24B29EEC95200D12F9C /* Frameworks */ = {
			isa = PBXFrameworksBuildPhase;
			buildActionMask = 2147483647;
			files = (
			);
			runOnlyForDeploymentPostprocessing = 0;
		};
/* End PBXFrameworksBuildPhase section */

/* Begin PBXGroup section */
		1512D24529EEC95200D12F9C = {
			isa = PBXGroup;
			children = (
				1512D25029EEC95200D12F9C /* Today */,
				1512D24F29EEC95200D12F9C /* Products */,
			);
			sourceTree = "<group>";
		};
		1512D24F29EEC95200D12F9C /* Products */ = {
			isa = PBXGroup;
			children = (
				1512D24E29EEC95200D12F9C /* Today.app */,
			);
			name = Products;
			sourceTree = "<group>";
		};
		1512D25029EEC95200D12F9C /* Today */ = {
			isa = PBXGroup;
			children = (
				1512D2A129EFCE1300D12F9C /* Models */,
				1512D25129EEC95200D12F9C /* AppDelegate.swift */,
				1512D25329EEC95200D12F9C /* SceneDelegate.swift */,
				1512D2B729EFCE5C00D12F9C /* ContentViews */,
				1512D2AC29EFCE2E00D12F9C /* ListViewController */,
				1512D2C229F0C59600D12F9C /* DetailViewController */,
				1512D27D29EED4B100D12F9C /* Main.storyboard */,
				1512D27429EED33E00D12F9C /* Assets.xcassets */,
				1512D27F29EED4C700D12F9C /* LaunchScreen.storyboard */,
				1512D25F29EEC95400D12F9C /* Info.plist */,
			);
			path = Today;
			sourceTree = "<group>";
		};
		1512D2A129EFCE1300D12F9C /* Models */ = {
			isa = PBXGroup;
			children = (
				1512D2A229EFCE1300D12F9C /* ReminderListStyle.swift */,
				1512D2A329EFCE1300D12F9C /* Reminder.swift */,
				1512D2A429EFCE1300D12F9C /* UIColor+Today.swift */,
				1512D2A529EFCE1300D12F9C /* Date+Today.swift */,
				1512D2A629EFCE1300D12F9C /* CAGradientLayer+ListStyle.swift */,
				1512D2CB29F0C5DD00D12F9C /* TodayError.swift */,
				1512D2CD29F0C67100D12F9C /* EKEventStore+AsyncFetch.swift */,
				1512D2CF29F0C7BA00D12F9C /* Reminder+EKReminder.swift */,
				1512D2D129F0C85B00D12F9C /* ReminderStore.swift */,
				1512D2D329F0DA0400D12F9C /* EKReminder+Reminder.swift */,
			);
			path = Models;
			sourceTree = "<group>";
		};
		1512D2AC29EFCE2E00D12F9C /* ListViewController */ = {
			isa = PBXGroup;
			children = (
				1512D2AD29EFCE2E00D12F9C /* ReminderListViewController+DataSource.swift */,
				1512D2AE29EFCE2E00D12F9C /* ReminderDoneButton.swift */,
				1512D2AF29EFCE2E00D12F9C /* ReminderListViewController+Actions.swift */,
				1512D2B029EFCE2E00D12F9C /* ReminderListViewController.swift */,
				1512D2B129EFCE2E00D12F9C /* ProgressHeaderView.swift */,
			);
			name = ListViewController;
			path = ../../../../Downloads/CreatingAGradientBackground/Complete/Today/ListViewController;
			sourceTree = "<group>";
		};
		1512D2B729EFCE5C00D12F9C /* ContentViews */ = {
			isa = PBXGroup;
			children = (
				1512D2B829EFCE5C00D12F9C /* DatePickerContentView.swift */,
				1512D2B929EFCE5C00D12F9C /* UIView+PinnedSubview.swift */,
				1512D2BA29EFCE5C00D12F9C /* TextFieldContentView.swift */,
				1512D2BB29EFCE5C00D12F9C /* TextViewContentView.swift */,
				1512D2BC29EFCE5C00D12F9C /* UIContentConfiguration+Stateless.swift */,
			);
			path = ContentViews;
			sourceTree = "<group>";
		};
		1512D2C229F0C59600D12F9C /* DetailViewController */ = {
			isa = PBXGroup;
			children = (
				1512D2C329F0C59600D12F9C /* ReminderViewController+CellConfiguration.swift */,
				1512D2C429F0C59600D12F9C /* ReminderViewController.swift */,
				1512D2C529F0C59600D12F9C /* ReminderViewController+Row.swift */,
				1512D2C629F0C59600D12F9C /* ReminderViewController+Section.swift */,
			);
			path = DetailViewController;
			sourceTree = "<group>";
		};
/* End PBXGroup section */

/* Begin PBXNativeTarget section */
		1512D24D29EEC95200D12F9C /* Today */ = {
			isa = PBXNativeTarget;
			buildConfigurationList = 1512D26229EEC95400D12F9C /* Build configuration list for PBXNativeTarget "Today" */;
			buildPhases = (
				1512D24A29EEC95200D12F9C /* Sources */,
				1512D24B29EEC95200D12F9C /* Frameworks */,
				1512D24C29EEC95200D12F9C /* Resources */,
			);
			buildRules = (
			);
			dependencies = (
			);
			name = Today;
			productName = Today;
			productReference = 1512D24E29EEC95200D12F9C /* Today.app */;
			productType = "com.apple.product-type.application";
		};
/* End PBXNativeTarget section */

/* Begin PBXProject section */
		1512D24629EEC95200D12F9C /* Project object */ = {
			isa = PBXProject;
			attributes = {
				BuildIndependentTargetsInParallel = 1;
				LastSwiftUpdateCheck = 1430;
				LastUpgradeCheck = 1430;
				TargetAttributes = {
					1512D24D29EEC95200D12F9C = {
						CreatedOnToolsVersion = 14.3;
					};
				};
			};
			buildConfigurationList = 1512D24929EEC95200D12F9C /* Build configuration list for PBXProject "Today" */;
			compatibilityVersion = "Xcode 14.0";
			developmentRegion = en;
			hasScannedForEncodings = 0;
			knownRegions = (
				en,
				Base,
			);
			mainGroup = 1512D24529EEC95200D12F9C;
			productRefGroup = 1512D24F29EEC95200D12F9C /* Products */;
			projectDirPath = "";
			projectRoot = "";
			targets = (
				1512D24D29EEC95200D12F9C /* Today */,
			);
		};
/* End PBXProject section */

/* Begin PBXResourcesBuildPhase section */
		1512D24C29EEC95200D12F9C /* Resources */ = {
			isa = PBXResourcesBuildPhase;
			buildActionMask = 2147483647;
			files = (
				1512D28029EED4C700D12F9C /* LaunchScreen.storyboard in Resources */,
				1512D27529EED33E00D12F9C /* Assets.xcassets in Resources */,
				1512D27E29EED4B200D12F9C /* Main.storyboard in Resources */,
			);
			runOnlyForDeploymentPostprocessing = 0;
		};
/* End PBXResourcesBuildPhase section */

/* Begin PBXSourcesBuildPhase section */
		1512D24A29EEC95200D12F9C /* Sources */ = {
			isa = PBXSourcesBuildPhase;
			buildActionMask = 2147483647;
			files = (
				1512D2CA29F0C59600D12F9C /* ReminderViewController+Section.swift in Sources */,
				1512D2BE29EFCE5C00D12F9C /* UIView+PinnedSubview.swift in Sources */,
				1512D2AA29EFCE1300D12F9C /* Date+Today.swift in Sources */,
				1512D2B229EFCE2E00D12F9C /* ReminderListViewController+DataSource.swift in Sources */,
				1512D2B329EFCE2E00D12F9C /* ReminderDoneButton.swift in Sources */,
				1512D2B429EFCE2E00D12F9C /* ReminderListViewController+Actions.swift in Sources */,
				1512D2CC29F0C5DD00D12F9C /* TodayError.swift in Sources */,
				1512D2B529EFCE2E00D12F9C /* ReminderListViewController.swift in Sources */,
				1512D2C929F0C59600D12F9C /* ReminderViewController+Row.swift in Sources */,
				1512D2B629EFCE2E00D12F9C /* ProgressHeaderView.swift in Sources */,
				1512D2BF29EFCE5C00D12F9C /* TextFieldContentView.swift in Sources */,
				1512D2BD29EFCE5C00D12F9C /* DatePickerContentView.swift in Sources */,
				1512D2A729EFCE1300D12F9C /* ReminderListStyle.swift in Sources */,
				1512D2C129EFCE5C00D12F9C /* UIContentConfiguration+Stateless.swift in Sources */,
				1512D2C729F0C59600D12F9C /* ReminderViewController+CellConfiguration.swift in Sources */,
				1512D2C029EFCE5C00D12F9C /* TextViewContentView.swift in Sources */,
				1512D25229EEC95200D12F9C /* AppDelegate.swift in Sources */,
				1512D2A929EFCE1300D12F9C /* UIColor+Today.swift in Sources */,
				1512D2A829EFCE1300D12F9C /* Reminder.swift in Sources */,
				1512D2D029F0C7BA00D12F9C /* Reminder+EKReminder.swift in Sources */,
				1512D2CE29F0C67100D12F9C /* EKEventStore+AsyncFetch.swift in Sources */,
				1512D25429EEC95200D12F9C /* SceneDelegate.swift in Sources */,
				1512D2AB29EFCE1300D12F9C /* CAGradientLayer+ListStyle.swift in Sources */,
				1512D2C829F0C59600D12F9C /* ReminderViewController.swift in Sources */,
				1512D2D229F0C85B00D12F9C /* ReminderStore.swift in Sources */,
				1512D2D429F0DA0400D12F9C /* EKReminder+Reminder.swift in Sources */,
			);
			runOnlyForDeploymentPostprocessing = 0;
		};
/* End PBXSourcesBuildPhase section */

/* Begin XCBuildConfiguration section */
		1512D26029EEC95400D12F9C /* Debug */ = {
			isa = XCBuildConfiguration;
			buildSettings = {
				ALWAYS_SEARCH_USER_PATHS = NO;
				CLANG_ANALYZER_NONNULL = YES;
				CLANG_ANALYZER_NUMBER_OBJECT_CONVERSION = YES_AGGRESSIVE;
				CLANG_CXX_LANGUAGE_STANDARD = "gnu++20";
				CLANG_ENABLE_MODULES = YES;
				CLANG_ENABLE_OBJC_ARC = YES;
				CLANG_ENABLE_OBJC_WEAK = YES;
				CLANG_WARN_BLOCK_CAPTURE_AUTORELEASING = YES;
				CLANG_WARN_BOOL_CONVERSION = YES;
				CLANG_WARN_COMMA = YES;
				CLANG_WARN_CONSTANT_CONVERSION = YES;
				CLANG_WARN_DEPRECATED_OBJC_IMPLEMENTATIONS = YES;
				CLANG_WARN_DIRECT_OBJC_ISA_USAGE = YES_ERROR;
				CLANG_WARN_DOCUMENTATION_COMMENTS = YES;
				CLANG_WARN_EMPTY_BODY = YES;
				CLANG_WARN_ENUM_CONVERSION = YES;
				CLANG_WARN_INFINITE_RECURSION = YES;
				CLANG_WARN_INT_CONVERSION = YES;
				CLANG_WARN_NON_LITERAL_NULL_CONVERSION = YES;
				CLANG_WARN_OBJC_IMPLICIT_RETAIN_SELF = YES;
				CLANG_WARN_OBJC_LITERAL_CONVERSION = YES;
				CLANG_WARN_OBJC_ROOT_CLASS = YES_ERROR;
				CLANG_WARN_QUOTED_INCLUDE_IN_FRAMEWORK_HEADER = YES;
				CLANG_WARN_RANGE_LOOP_ANALYSIS = YES;
				CLANG_WARN_STRICT_PROTOTYPES = YES;
				CLANG_WARN_SUSPICIOUS_MOVE = YES;
				CLANG_WARN_UNGUARDED_AVAILABILITY = YES_AGGRESSIVE;
				CLANG_WARN_UNREACHABLE_CODE = YES;
				CLANG_WARN__DUPLICATE_METHOD_MATCH = YES;
				COPY_PHASE_STRIP = NO;
				DEBUG_INFORMATION_FORMAT = dwarf;
				ENABLE_STRICT_OBJC_MSGSEND = YES;
				ENABLE_TESTABILITY = YES;
				GCC_C_LANGUAGE_STANDARD = gnu11;
				GCC_DYNAMIC_NO_PIC = NO;
				GCC_NO_COMMON_BLOCKS = YES;
				GCC_OPTIMIZATION_LEVEL = 0;
				GCC_PREPROCESSOR_DEFINITIONS = (
					"DEBUG=1",
					"$(inherited)",
				);
				GCC_WARN_64_TO_32_BIT_CONVERSION = YES;
				GCC_WARN_ABOUT_RETURN_TYPE = YES_ERROR;
				GCC_WARN_UNDECLARED_SELECTOR = YES;
				GCC_WARN_UNINITIALIZED_AUTOS = YES_AGGRESSIVE;
				GCC_WARN_UNUSED_FUNCTION = YES;
				GCC_WARN_UNUSED_VARIABLE = YES;
				IPHONEOS_DEPLOYMENT_TARGET = 16.4;
				MTL_ENABLE_DEBUG_INFO = INCLUDE_SOURCE;
				MTL_FAST_MATH = YES;
				ONLY_ACTIVE_ARCH = YES;
				SDKROOT = iphoneos;
				SWIFT_ACTIVE_COMPILATION_CONDITIONS = DEBUG;
				SWIFT_OPTIMIZATION_LEVEL = "-Onone";
			};
			name = Debug;
		};
		1512D26129EEC95400D12F9C /* Release */ = {
			isa = XCBuildConfiguration;
			buildSettings = {
				ALWAYS_SEARCH_USER_PATHS = NO;
				CLANG_ANALYZER_NONNULL = YES;
				CLANG_ANALYZER_NUMBER_OBJECT_CONVERSION = YES_AGGRESSIVE;
				CLANG_CXX_LANGUAGE_STANDARD = "gnu++20";
				CLANG_ENABLE_MODULES = YES;
				CLANG_ENABLE_OBJC_ARC = YES;
				CLANG_ENABLE_OBJC_WEAK = YES;
				CLANG_WARN_BLOCK_CAPTURE_AUTORELEASING = YES;
				CLANG_WARN_BOOL_CONVERSION = YES;
				CLANG_WARN_COMMA = YES;
				CLANG_WARN_CONSTANT_CONVERSION = YES;
				CLANG_WARN_DEPRECATED_OBJC_IMPLEMENTATIONS = YES;
				CLANG_WARN_DIRECT_OBJC_ISA_USAGE = YES_ERROR;
				CLANG_WARN_DOCUMENTATION_COMMENTS = YES;
				CLANG_WARN_EMPTY_BODY = YES;
				CLANG_WARN_ENUM_CONVERSION = YES;
				CLANG_WARN_INFINITE_RECURSION = YES;
				CLANG_WARN_INT_CONVERSION = YES;
				CLANG_WARN_NON_LITERAL_NULL_CONVERSION = YES;
				CLANG_WARN_OBJC_IMPLICIT_RETAIN_SELF = YES;
				CLANG_WARN_OBJC_LITERAL_CONVERSION = YES;
				CLANG_WARN_OBJC_ROOT_CLASS = YES_ERROR;
				CLANG_WARN_QUOTED_INCLUDE_IN_FRAMEWORK_HEADER = YES;
				CLANG_WARN_RANGE_LOOP_ANALYSIS = YES;
				CLANG_WARN_STRICT_PROTOTYPES = YES;
				CLANG_WARN_SUSPICIOUS_MOVE = YES;
				CLANG_WARN_UNGUARDED_AVAILABILITY = YES_AGGRESSIVE;
				CLANG_WARN_UNREACHABLE_CODE = YES;
				CLANG_WARN__DUPLICATE_METHOD_MATCH = YES;
				COPY_PHASE_STRIP = NO;
				DEBUG_INFORMATION_FORMAT = "dwarf-with-dsym";
				ENABLE_NS_ASSERTIONS = NO;
				ENABLE_STRICT_OBJC_MSGSEND = YES;
				GCC_C_LANGUAGE_STANDARD = gnu11;
				GCC_NO_COMMON_BLOCKS = YES;
				GCC_WARN_64_TO_32_BIT_CONVERSION = YES;
				GCC_WARN_ABOUT_RETURN_TYPE = YES_ERROR;
				GCC_WARN_UNDECLARED_SELECTOR = YES;
				GCC_WARN_UNINITIALIZED_AUTOS = YES_AGGRESSIVE;
				GCC_WARN_UNUSED_FUNCTION = YES;
				GCC_WARN_UNUSED_VARIABLE = YES;
				IPHONEOS_DEPLOYMENT_TARGET = 16.4;
				MTL_ENABLE_DEBUG_INFO = NO;
				MTL_FAST_MATH = YES;
				SDKROOT = iphoneos;
				SWIFT_COMPILATION_MODE = wholemodule;
				SWIFT_OPTIMIZATION_LEVEL = "-O";
				VALIDATE_PRODUCT = YES;
			};
			name = Release;
		};
		1512D26329EEC95400D12F9C /* Debug */ = {
			isa = XCBuildConfiguration;
			buildSettings = {
				ASSETCATALOG_COMPILER_APPICON_NAME = AppIcon;
				ASSETCATALOG_COMPILER_GLOBAL_ACCENT_COLOR_NAME = AccentColor;
				CODE_SIGN_STYLE = Automatic;
				CURRENT_PROJECT_VERSION = 1;
				GENERATE_INFOPLIST_FILE = YES;
				INFOPLIST_FILE = Today/Info.plist;
				INFOPLIST_KEY_NSRemindersUsageDescription = "Your reminder can help you stay on track";
				INFOPLIST_KEY_UIApplicationSupportsIndirectInputEvents = YES;
				INFOPLIST_KEY_UILaunchStoryboardName = LaunchScreen;
				INFOPLIST_KEY_UIMainStoryboardFile = Main;
				INFOPLIST_KEY_UISupportedInterfaceOrientations_iPad = "UIInterfaceOrientationPortrait UIInterfaceOrientationPortraitUpsideDown UIInterfaceOrientationLandscapeLeft UIInterfaceOrientationLandscapeRight";
				INFOPLIST_KEY_UISupportedInterfaceOrientations_iPhone = "UIInterfaceOrientationPortrait UIInterfaceOrientationLandscapeLeft UIInterfaceOrientationLandscapeRight";
				LD_RUNPATH_SEARCH_PATHS = (
					"$(inherited)",
					"@executable_path/Frameworks",
				);
				MARKETING_VERSION = 1.0;
				PRODUCT_BUNDLE_IDENTIFIER = com.ltios.Today;
				PRODUCT_NAME = "$(TARGET_NAME)";
				SWIFT_EMIT_LOC_STRINGS = YES;
				SWIFT_VERSION = 5.0;
				TARGETED_DEVICE_FAMILY = "1,2";
			};
			name = Debug;
		};
		1512D26429EEC95400D12F9C /* Release */ = {
			isa = XCBuildConfiguration;
			buildSettings = {
				ASSETCATALOG_COMPILER_APPICON_NAME = AppIcon;
				ASSETCATALOG_COMPILER_GLOBAL_ACCENT_COLOR_NAME = AccentColor;
				CODE_SIGN_STYLE = Automatic;
				CURRENT_PROJECT_VERSION = 1;
				GENERATE_INFOPLIST_FILE = YES;
				INFOPLIST_FILE = Today/Info.plist;
				INFOPLIST_KEY_NSRemindersUsageDescription = "Your reminder can help you stay on track";
				INFOPLIST_KEY_UIApplicationSupportsIndirectInputEvents = YES;
				INFOPLIST_KEY_UILaunchStoryboardName = LaunchScreen;
				INFOPLIST_KEY_UIMainStoryboardFile = Main;
				INFOPLIST_KEY_UISupportedInterfaceOrientations_iPad = "UIInterfaceOrientationPortrait UIInterfaceOrientationPortraitUpsideDown UIInterfaceOrientationLandscapeLeft UIInterfaceOrientationLandscapeRight";
				INFOPLIST_KEY_UISupportedInterfaceOrientations_iPhone = "UIInterfaceOrientationPortrait UIInterfaceOrientationLandscapeLeft UIInterfaceOrientationLandscapeRight";
				LD_RUNPATH_SEARCH_PATHS = (
					"$(inherited)",
					"@executable_path/Frameworks",
				);
				MARKETING_VERSION = 1.0;
				PRODUCT_BUNDLE_IDENTIFIER = com.ltios.Today;
				PRODUCT_NAME = "$(TARGET_NAME)";
				SWIFT_EMIT_LOC_STRINGS = YES;
				SWIFT_VERSION = 5.0;
				TARGETED_DEVICE_FAMILY = "1,2";
			};
			name = Release;
		};
/* End XCBuildConfiguration section */

/* Begin XCConfigurationList section */
		1512D24929EEC95200D12F9C /* Build configuration list for PBXProject "Today" */ = {
			isa = XCConfigurationList;
			buildConfigurations = (
				1512D26029EEC95400D12F9C /* Debug */,
				1512D26129EEC95400D12F9C /* Release */,
			);
			defaultConfigurationIsVisible = 0;
			defaultConfigurationName = Release;
		};
		1512D26229EEC95400D12F9C /* Build configuration list for PBXNativeTarget "Today" */ = {
			isa = XCConfigurationList;
			buildConfigurations = (
				1512D26329EEC95400D12F9C /* Debug */,
				1512D26429EEC95400D12F9C /* Release */,
			);
			defaultConfigurationIsVisible = 0;
			defaultConfigurationName = Release;
		};
/* End XCConfigurationList section */
	};
	rootObject = 1512D24629EEC95200D12F9C /* Project object */;
}
